
Microsoft Visual Studio Solution File, Format Version 12.00
# Visual Studio Version 16
VisualStudioVersion = 16.0.32126.315
MinimumVisualStudioVersion = 10.0.40219.1
Project("{FAE04EC0-301F-11D3-BF4B-00C04F79EFBC}") = "crudFirst", "crudFirst\crudFirst.csproj", "{EB7B7C42-B91D-424F-A096-FD18975410F2}"
EndProject
Global
	GlobalSection(SolutionConfigurationPlatforms) = preSolution
		Debug|Any CPU = Debug|Any CPU
		Release|Any CPU = Release|Any CPU
	EndGlobalSection
	GlobalSection(ProjectConfigurationPlatforms) = postSolution
		{EB7B7C42-B91D-424F-A096-FD18975410F2}.Debug|Any CPU.ActiveCfg = Debug|Any CPU
		{EB7B7C42-B91D-424F-A096-FD18975410F2}.Debug|Any CPU.Build.0 = Debug|Any CPU
		{EB7B7C42-B91D-424F-A096-FD18975410F2}.Release|Any CPU.ActiveCfg = Release|Any CPU
		{EB7B7C42-B91D-424F-A096-FD18975410F2}.Release|Any CPU.Build.0 = Release|Any CPU
	EndGlobalSection
	GlobalSection(SolutionProperties) = preSolution
		HideSolutionNode = FALSE
	EndGlobalSection
	GlobalSection(ExtensibilityGlobals) = postSolution
		SolutionGuid = {FD8112FC-6BE5-4618-A57F-01A9B751440E}
	EndGlobalSection
EndGlobal
